
Microsoft Visual Studio Solution File, Format Version 12.00
# Visual Studio Version 16
VisualStudioVersion = 16.0.31019.35
MinimumVisualStudioVersion = 10.0.40219.1
Project("{FAE04EC0-301F-11D3-BF4B-00C04F79EFBC}") = "DepartamentosCoreCRUD", "DepartamentosCoreCRUD\DepartamentosCoreCRUD.csproj", "{B00CB32A-2399-4C46-8339-EEC132A922D3}"
EndProject
Global
	GlobalSection(SolutionConfigurationPlatforms) = preSolution
		Debug|Any CPU = Debug|Any CPU
		Release|Any CPU = Release|Any CPU
	EndGlobalSection
	GlobalSection(ProjectConfigurationPlatforms) = postSolution
		{B00CB32A-2399-4C46-8339-EEC132A922D3}.Debug|Any CPU.ActiveCfg = Debug|Any CPU
		{B00CB32A-2399-4C46-8339-EEC132A922D3}.Debug|Any CPU.Build.0 = Debug|Any CPU
		{B00CB32A-2399-4C46-8339-EEC132A922D3}.Release|Any CPU.ActiveCfg = Release|Any CPU
		{B00CB32A-2399-4C46-8339-EEC132A922D3}.Release|Any CPU.Build.0 = Release|Any CPU
	EndGlobalSection
	GlobalSection(SolutionProperties) = preSolution
		HideSolutionNode = FALSE
	EndGlobalSection
	GlobalSection(ExtensibilityGlobals) = postSolution
		SolutionGuid = {01527AD1-E506-4BF8-A539-F831BEFDB137}
	EndGlobalSection
EndGlobal
